
Microsoft Visual Studio Solution File, Format Version 12.00
# Visual Studio 15
VisualStudioVersion = 15.0.26124.0
MinimumVisualStudioVersion = 15.0.26124.0
Project("{2150E333-8FDC-42A3-9474-1A3956D46DE8}") = "src", "src", "{048FAC0A-516F-4C09-86E1-B3CD0E8F2883}"
EndProject
Project("{FAE04EC0-301F-11D3-BF4B-00C04F79EFBC}") = "CommandAPI", "src\CommandAPI\CommandAPI.csproj", "{93443DE1-C972-409C-98A5-3FDC60F13F47}"
EndProject
Project("{2150E333-8FDC-42A3-9474-1A3956D46DE8}") = "test", "test", "{13869371-9B12-465D-B701-236C17E8B90F}"
EndProject
Project("{FAE04EC0-301F-11D3-BF4B-00C04F79EFBC}") = "CommandAPI.Tests", "test\CommandAPI.Tests\CommandAPI.Tests.csproj", "{944715D2-6B25-4ACB-9BDD-99B7258702FA}"
EndProject
Global
	GlobalSection(SolutionConfigurationPlatforms) = preSolution
		Debug|Any CPU = Debug|Any CPU
		Debug|x64 = Debug|x64
		Debug|x86 = Debug|x86
		Release|Any CPU = Release|Any CPU
		Release|x64 = Release|x64
		Release|x86 = Release|x86
	EndGlobalSection
	GlobalSection(SolutionProperties) = preSolution
		HideSolutionNode = FALSE
	EndGlobalSection
	GlobalSection(ProjectConfigurationPlatforms) = postSolution
		{93443DE1-C972-409C-98A5-3FDC60F13F47}.Debug|Any CPU.ActiveCfg = Debug|Any CPU
		{93443DE1-C972-409C-98A5-3FDC60F13F47}.Debug|Any CPU.Build.0 = Debug|Any CPU
		{93443DE1-C972-409C-98A5-3FDC60F13F47}.Debug|x64.ActiveCfg = Debug|Any CPU
		{93443DE1-C972-409C-98A5-3FDC60F13F47}.Debug|x64.Build.0 = Debug|Any CPU
		{93443DE1-C972-409C-98A5-3FDC60F13F47}.Debug|x86.ActiveCfg = Debug|Any CPU
		{93443DE1-C972-409C-98A5-3FDC60F13F47}.Debug|x86.Build.0 = Debug|Any CPU
		{93443DE1-C972-409C-98A5-3FDC60F13F47}.Release|Any CPU.ActiveCfg = Release|Any CPU
		{93443DE1-C972-409C-98A5-3FDC60F13F47}.Release|Any CPU.Build.0 = Release|Any CPU
		{93443DE1-C972-409C-98A5-3FDC60F13F47}.Release|x64.ActiveCfg = Release|Any CPU
		{93443DE1-C972-409C-98A5-3FDC60F13F47}.Release|x64.Build.0 = Release|Any CPU
		{93443DE1-C972-409C-98A5-3FDC60F13F47}.Release|x86.ActiveCfg = Release|Any CPU
		{93443DE1-C972-409C-98A5-3FDC60F13F47}.Release|x86.Build.0 = Release|Any CPU
		{944715D2-6B25-4ACB-9BDD-99B7258702FA}.Debug|Any CPU.ActiveCfg = Debug|Any CPU
		{944715D2-6B25-4ACB-9BDD-99B7258702FA}.Debug|Any CPU.Build.0 = Debug|Any CPU
		{944715D2-6B25-4ACB-9BDD-99B7258702FA}.Debug|x64.ActiveCfg = Debug|Any CPU
		{944715D2-6B25-4ACB-9BDD-99B7258702FA}.Debug|x64.Build.0 = Debug|Any CPU
		{944715D2-6B25-4ACB-9BDD-99B7258702FA}.Debug|x86.ActiveCfg = Debug|Any CPU
		{944715D2-6B25-4ACB-9BDD-99B7258702FA}.Debug|x86.Build.0 = Debug|Any CPU
		{944715D2-6B25-4ACB-9BDD-99B7258702FA}.Release|Any CPU.ActiveCfg = Release|Any CPU
		{944715D2-6B25-4ACB-9BDD-99B7258702FA}.Release|Any CPU.Build.0 = Release|Any CPU
		{944715D2-6B25-4ACB-9BDD-99B7258702FA}.Release|x64.ActiveCfg = Release|Any CPU
		{944715D2-6B25-4ACB-9BDD-99B7258702FA}.Release|x64.Build.0 = Release|Any CPU
		{944715D2-6B25-4ACB-9BDD-99B7258702FA}.Release|x86.ActiveCfg = Release|Any CPU
		{944715D2-6B25-4ACB-9BDD-99B7258702FA}.Release|x86.Build.0 = Release|Any CPU
	EndGlobalSection
	GlobalSection(NestedProjects) = preSolution
		{93443DE1-C972-409C-98A5-3FDC60F13F47} = {048FAC0A-516F-4C09-86E1-B3CD0E8F2883}
		{944715D2-6B25-4ACB-9BDD-99B7258702FA} = {13869371-9B12-465D-B701-236C17E8B90F}
	EndGlobalSection
EndGlobal
